
Microsoft Visual Studio Solution File, Format Version 12.00
# Visual Studio Version 17
VisualStudioVersion = 17.7.34221.43
MinimumVisualStudioVersion = 10.0.40219.1
Project("{FAE04EC0-301F-11D3-BF4B-00C04F79EFBC}") = "milyoneroyunu", "milyoneroyunu\milyoneroyunu.csproj", "{F06B1628-2C3F-4C92-A70E-B09D1A7F9FD5}"
EndProject
Global
	GlobalSection(SolutionConfigurationPlatforms) = preSolution
		Debug|Any CPU = Debug|Any CPU
		Release|Any CPU = Release|Any CPU
	EndGlobalSection
	GlobalSection(ProjectConfigurationPlatforms) = postSolution
		{F06B1628-2C3F-4C92-A70E-B09D1A7F9FD5}.Debug|Any CPU.ActiveCfg = Debug|Any CPU
		{F06B1628-2C3F-4C92-A70E-B09D1A7F9FD5}.Debug|Any CPU.Build.0 = Debug|Any CPU
		{F06B1628-2C3F-4C92-A70E-B09D1A7F9FD5}.Release|Any CPU.ActiveCfg = Release|Any CPU
		{F06B1628-2C3F-4C92-A70E-B09D1A7F9FD5}.Release|Any CPU.Build.0 = Release|Any CPU
	EndGlobalSection
	GlobalSection(SolutionProperties) = preSolution
		HideSolutionNode = FALSE
	EndGlobalSection
	GlobalSection(ExtensibilityGlobals) = postSolution
		SolutionGuid = {B704680F-662C-4212-8A4E-DA19F14771D9}
	EndGlobalSection
EndGlobal
